
Microsoft Visual Studio Solution File, Format Version 12.00
# Visual Studio 14
VisualStudioVersion = 14.0.24720.0
MinimumVisualStudioVersion = 10.0.40219.1
Project("{8BC9CEB8-8B4A-11D0-8D11-00A0C91BC942}") = "fractal", "fractal\fractal.vcxproj", "{7C277CED-D54E-4926-8AA0-71776221497C}"
EndProject
Project("{8BC9CEB8-8B4A-11D0-8D11-00A0C91BC942}") = "maze", "maze\maze.vcxproj", "{43486041-0113-4B39-B2ED-FD9B4E005772}"
EndProject
Project("{8BC9CEB8-8B4A-11D0-8D11-00A0C91BC942}") = "vertical", "vertical\vertical.vcxproj", "{2AE20BA7-2D0C-4DBB-BFCA-B1B345C583A1}"
EndProject
Global
	GlobalSection(SolutionConfigurationPlatforms) = preSolution
		Debug|Win32 = Debug|Win32
		Release|Win32 = Release|Win32
	EndGlobalSection
	GlobalSection(ProjectConfigurationPlatforms) = postSolution
		{7C277CED-D54E-4926-8AA0-71776221497C}.Debug|Win32.ActiveCfg = Debug|Win32
		{7C277CED-D54E-4926-8AA0-71776221497C}.Debug|Win32.Build.0 = Debug|Win32
		{7C277CED-D54E-4926-8AA0-71776221497C}.Release|Win32.ActiveCfg = Release|Win32
		{7C277CED-D54E-4926-8AA0-71776221497C}.Release|Win32.Build.0 = Release|Win32
		{43486041-0113-4B39-B2ED-FD9B4E005772}.Debug|Win32.ActiveCfg = Debug|Win32
		{43486041-0113-4B39-B2ED-FD9B4E005772}.Debug|Win32.Build.0 = Debug|Win32
		{43486041-0113-4B39-B2ED-FD9B4E005772}.Release|Win32.ActiveCfg = Release|Win32
		{43486041-0113-4B39-B2ED-FD9B4E005772}.Release|Win32.Build.0 = Release|Win32
		{2AE20BA7-2D0C-4DBB-BFCA-B1B345C583A1}.Debug|Win32.ActiveCfg = Debug|Win32
		{2AE20BA7-2D0C-4DBB-BFCA-B1B345C583A1}.Debug|Win32.Build.0 = Debug|Win32
		{2AE20BA7-2D0C-4DBB-BFCA-B1B345C583A1}.Release|Win32.ActiveCfg = Release|Win32
		{2AE20BA7-2D0C-4DBB-BFCA-B1B345C583A1}.Release|Win32.Build.0 = Release|Win32
	EndGlobalSection
	GlobalSection(SolutionProperties) = preSolution
		HideSolutionNode = FALSE
	EndGlobalSection
EndGlobal
